
Microsoft Visual Studio Solution File, Format Version 12.00
# Visual Studio Version 17
VisualStudioVersion = 17.9.34616.47
MinimumVisualStudioVersion = 10.0.40219.1
Project("{FAE04EC0-301F-11D3-BF4B-00C04F79EFBC}") = "Kalkulator", "test\Kalkulator.csproj", "{398A7BCE-E966-4E75-AA41-C39CF905620F}"
EndProject
Project("{9A19103F-16F7-4668-BE54-9A1E7A4F7556}") = "kalkulatorLibrary", "..\testLibrary\testLibrary\kalkulatorLibrary.csproj", "{72646B6B-04EE-4AC1-B31E-3DCE9E504E98}"
EndProject
Global
	GlobalSection(SolutionConfigurationPlatforms) = preSolution
		Debug|Any CPU = Debug|Any CPU
		Release|Any CPU = Release|Any CPU
	EndGlobalSection
	GlobalSection(ProjectConfigurationPlatforms) = postSolution
		{398A7BCE-E966-4E75-AA41-C39CF905620F}.Debug|Any CPU.ActiveCfg = Debug|Any CPU
		{398A7BCE-E966-4E75-AA41-C39CF905620F}.Debug|Any CPU.Build.0 = Debug|Any CPU
		{398A7BCE-E966-4E75-AA41-C39CF905620F}.Release|Any CPU.ActiveCfg = Release|Any CPU
		{398A7BCE-E966-4E75-AA41-C39CF905620F}.Release|Any CPU.Build.0 = Release|Any CPU
		{72646B6B-04EE-4AC1-B31E-3DCE9E504E98}.Debug|Any CPU.ActiveCfg = Debug|Any CPU
		{72646B6B-04EE-4AC1-B31E-3DCE9E504E98}.Debug|Any CPU.Build.0 = Debug|Any CPU
		{72646B6B-04EE-4AC1-B31E-3DCE9E504E98}.Release|Any CPU.ActiveCfg = Release|Any CPU
		{72646B6B-04EE-4AC1-B31E-3DCE9E504E98}.Release|Any CPU.Build.0 = Release|Any CPU
	EndGlobalSection
	GlobalSection(SolutionProperties) = preSolution
		HideSolutionNode = FALSE
	EndGlobalSection
	GlobalSection(ExtensibilityGlobals) = postSolution
		SolutionGuid = {F3823E35-F83A-4DE2-98D6-4EAEFC3F0F02}
	EndGlobalSection
EndGlobal
